// !$*UTF8*$!
{
	archiveVersion = 1;
	classes = {
	};
	objectVersion = 46;
	objects = {

/* Begin PBXBuildFile section */
		06020C031E25D3B2009A035B /* Bolts.framework in Frameworks */ = {isa = PBXBuildFile; fileRef = 06020C021E25D3B2009A035B /* Bolts.framework */; };
		06020C071E25D411009A035B /* FBSDKCoreKit.framework in Frameworks */ = {isa = PBXBuildFile; fileRef = 06020C041E25D411009A035B /* FBSDKCoreKit.framework */; };
		06020C081E25D411009A035B /* FBSDKLoginKit.framework in Frameworks */ = {isa = PBXBuildFile; fileRef = 06020C051E25D411009A035B /* FBSDKLoginKit.framework */; };
		0612BCF61E2BD6D7004A65D6 /* LocationListViewController.swift in Sources */ = {isa = PBXBuildFile; fileRef = 0612BCF51E2BD6D7004A65D6 /* LocationListViewController.swift */; };
		0612BCF81E2C07DB004A65D6 /* MapViewController.swift in Sources */ = {isa = PBXBuildFile; fileRef = 0612BCF71E2C07DB004A65D6 /* MapViewController.swift */; };
		0612BCFB1E2C0FAF004A65D6 /* MapClient.swift in Sources */ = {isa = PBXBuildFile; fileRef = 0612BCFA1E2C0FAF004A65D6 /* MapClient.swift */; };
		0662A0471E1C06C40065E1D7 /* UdacityConvenience.swift in Sources */ = {isa = PBXBuildFile; fileRef = 0662A0461E1C06C40065E1D7 /* UdacityConvenience.swift */; };
		06B3EAD71E09C3A7004B0567 /* AppDelegate.swift in Sources */ = {isa = PBXBuildFile; fileRef = 06B3EAD61E09C3A7004B0567 /* AppDelegate.swift */; };
		06B3EAD91E09C3A7004B0567 /* LoginViewController.swift in Sources */ = {isa = PBXBuildFile; fileRef = 06B3EAD81E09C3A7004B0567 /* LoginViewController.swift */; };
		06B3EADC1E09C3A8004B0567 /* Main.storyboard in Resources */ = {isa = PBXBuildFile; fileRef = 06B3EADA1E09C3A8004B0567 /* Main.storyboard */; };
		06B3EADE1E09C3A8004B0567 /* Assets.xcassets in Resources */ = {isa = PBXBuildFile; fileRef = 06B3EADD1E09C3A8004B0567 /* Assets.xcassets */; };
		06B3EAE11E09C3A8004B0567 /* LaunchScreen.storyboard in Resources */ = {isa = PBXBuildFile; fileRef = 06B3EADF1E09C3A8004B0567 /* LaunchScreen.storyboard */; };
		06B3EAEC1E09C3A8004B0567 /* On_the_MapTests.swift in Sources */ = {isa = PBXBuildFile; fileRef = 06B3EAEB1E09C3A8004B0567 /* On_the_MapTests.swift */; };
		06B3EAF71E09C3A8004B0567 /* On_the_MapUITests.swift in Sources */ = {isa = PBXBuildFile; fileRef = 06B3EAF61E09C3A8004B0567 /* On_the_MapUITests.swift */; };
		06B3EB121E09CE9E004B0567 /* on the map assets in Resources */ = {isa = PBXBuildFile; fileRef = 06B3EB111E09CE9E004B0567 /* on the map assets */; };
		06F52A3E1E1F19CA00D314F6 /* ParseClient.swift in Sources */ = {isa = PBXBuildFile; fileRef = 06F52A3D1E1F19CA00D314F6 /* ParseClient.swift */; };
		06F52A421E2013FC00D314F6 /* ParseConstants.swift in Sources */ = {isa = PBXBuildFile; fileRef = 06F52A411E2013FC00D314F6 /* ParseConstants.swift */; };
		06F52A441E20294500D314F6 /* ParseConveniences.swift in Sources */ = {isa = PBXBuildFile; fileRef = 06F52A431E20294500D314F6 /* ParseConveniences.swift */; };
		06FE2B951E09ED64005082BA /* UdacityConstants.swift in Sources */ = {isa = PBXBuildFile; fileRef = 06FE2B941E09ED64005082BA /* UdacityConstants.swift */; };
		06FE2B971E09ED9A005082BA /* UdacityClient.swift in Sources */ = {isa = PBXBuildFile; fileRef = 06FE2B961E09ED9A005082BA /* UdacityClient.swift */; };
/* End PBXBuildFile section */

/* Begin PBXContainerItemProxy section */
		06B3EAE81E09C3A8004B0567 /* PBXContainerItemProxy */ = {
			isa = PBXContainerItemProxy;
			containerPortal = 06B3EACB1E09C3A7004B0567 /* Project object */;
			proxyType = 1;
			remoteGlobalIDString = 06B3EAD21E09C3A7004B0567;
			remoteInfo = "On the Map";
		};
		06B3EAF31E09C3A8004B0567 /* PBXContainerItemProxy */ = {
			isa = PBXContainerItemProxy;
			containerPortal = 06B3EACB1E09C3A7004B0567 /* Project object */;
			proxyType = 1;
			remoteGlobalIDString = 06B3EAD21E09C3A7004B0567;
			remoteInfo = "On the Map";
		};
/* End PBXContainerItemProxy section */

/* Begin PBXFileReference section */
		06020C021E25D3B2009A035B /* Bolts.framework */ = {isa = PBXFileReference; lastKnownFileType = wrapper.framework; name = Bolts.framework; path = Carthage/Build/iOS/Bolts.framework; sourceTree = "<group>"; };
		06020C041E25D411009A035B /* FBSDKCoreKit.framework */ = {isa = PBXFileReference; lastKnownFileType = wrapper.framework; name = FBSDKCoreKit.framework; path = Carthage/Build/iOS/FBSDKCoreKit.framework; sourceTree = "<group>"; };
		06020C051E25D411009A035B /* FBSDKLoginKit.framework */ = {isa = PBXFileReference; lastKnownFileType = wrapper.framework; name = FBSDKLoginKit.framework; path = Carthage/Build/iOS/FBSDKLoginKit.framework; sourceTree = "<group>"; };
		0612BCF51E2BD6D7004A65D6 /* LocationListViewController.swift */ = {isa = PBXFileReference; fileEncoding = 4; lastKnownFileType = sourcecode.swift; path = LocationListViewController.swift; sourceTree = "<group>"; };
		0612BCF71E2C07DB004A65D6 /* MapViewController.swift */ = {isa = PBXFileReference; fileEncoding = 4; lastKnownFileType = sourcecode.swift; path = MapViewController.swift; sourceTree = "<group>"; };
		0612BCFA1E2C0FAF004A65D6 /* MapClient.swift */ = {isa = PBXFileReference; fileEncoding = 4; lastKnownFileType = sourcecode.swift; path = MapClient.swift; sourceTree = "<group>"; };
		0662A0461E1C06C40065E1D7 /* UdacityConvenience.swift */ = {isa = PBXFileReference; fileEncoding = 4; lastKnownFileType = sourcecode.swift; path = UdacityConvenience.swift; sourceTree = "<group>"; };
		06B3EAD31E09C3A7004B0567 /* On the Map.app */ = {isa = PBXFileReference; explicitFileType = wrapper.application; includeInIndex = 0; path = "On the Map.app"; sourceTree = BUILT_PRODUCTS_DIR; };
		06B3EAD61E09C3A7004B0567 /* AppDelegate.swift */ = {isa = PBXFileReference; lastKnownFileType = sourcecode.swift; path = AppDelegate.swift; sourceTree = "<group>"; };
		06B3EAD81E09C3A7004B0567 /* LoginViewController.swift */ = {isa = PBXFileReference; lastKnownFileType = sourcecode.swift; path = LoginViewController.swift; sourceTree = "<group>"; };
		06B3EADB1E09C3A8004B0567 /* Base */ = {isa = PBXFileReference; lastKnownFileType = file.storyboard; name = Base; path = Base.lproj/Main.storyboard; sourceTree = "<group>"; };
		06B3EADD1E09C3A8004B0567 /* Assets.xcassets */ = {isa = PBXFileReference; lastKnownFileType = folder.assetcatalog; path = Assets.xcassets; sourceTree = "<group>"; };
		06B3EAE01E09C3A8004B0567 /* Base */ = {isa = PBXFileReference; lastKnownFileType = file.storyboard; name = Base; path = Base.lproj/LaunchScreen.storyboard; sourceTree = "<group>"; };
		06B3EAE21E09C3A8004B0567 /* Info.plist */ = {isa = PBXFileReference; lastKnownFileType = text.plist.xml; path = Info.plist; sourceTree = "<group>"; };
		06B3EAE71E09C3A8004B0567 /* On the MapTests.xctest */ = {isa = PBXFileReference; explicitFileType = wrapper.cfbundle; includeInIndex = 0; path = "On the MapTests.xctest"; sourceTree = BUILT_PRODUCTS_DIR; };
		06B3EAEB1E09C3A8004B0567 /* On_the_MapTests.swift */ = {isa = PBXFileReference; lastKnownFileType = sourcecode.swift; path = On_the_MapTests.swift; sourceTree = "<group>"; };
		06B3EAED1E09C3A8004B0567 /* Info.plist */ = {isa = PBXFileReference; lastKnownFileType = text.plist.xml; path = Info.plist; sourceTree = "<group>"; };
		06B3EAF21E09C3A8004B0567 /* On the MapUITests.xctest */ = {isa = PBXFileReference; explicitFileType = wrapper.cfbundle; includeInIndex = 0; path = "On the MapUITests.xctest"; sourceTree = BUILT_PRODUCTS_DIR; };
		06B3EAF61E09C3A8004B0567 /* On_the_MapUITests.swift */ = {isa = PBXFileReference; lastKnownFileType = sourcecode.swift; path = On_the_MapUITests.swift; sourceTree = "<group>"; };
		06B3EAF81E09C3A8004B0567 /* Info.plist */ = {isa = PBXFileReference; lastKnownFileType = text.plist.xml; path = Info.plist; sourceTree = "<group>"; };
		06B3EB111E09CE9E004B0567 /* on the map assets */ = {isa = PBXFileReference; lastKnownFileType = folder; path = "on the map assets"; sourceTree = "<group>"; };
		06F52A3D1E1F19CA00D314F6 /* ParseClient.swift */ = {isa = PBXFileReference; fileEncoding = 4; lastKnownFileType = sourcecode.swift; path = ParseClient.swift; sourceTree = "<group>"; };
		06F52A411E2013FC00D314F6 /* ParseConstants.swift */ = {isa = PBXFileReference; fileEncoding = 4; lastKnownFileType = sourcecode.swift; path = ParseConstants.swift; sourceTree = "<group>"; };
		06F52A431E20294500D314F6 /* ParseConveniences.swift */ = {isa = PBXFileReference; fileEncoding = 4; lastKnownFileType = sourcecode.swift; path = ParseConveniences.swift; sourceTree = "<group>"; };
		06FE2B941E09ED64005082BA /* UdacityConstants.swift */ = {isa = PBXFileReference; fileEncoding = 4; lastKnownFileType = sourcecode.swift; path = UdacityConstants.swift; sourceTree = "<group>"; };
		06FE2B961E09ED9A005082BA /* UdacityClient.swift */ = {isa = PBXFileReference; fileEncoding = 4; lastKnownFileType = sourcecode.swift; path = UdacityClient.swift; sourceTree = "<group>"; };
/* End PBXFileReference section */

/* Begin PBXFrameworksBuildPhase section */
		06B3EAD01E09C3A7004B0567 /* Frameworks */ = {
			isa = PBXFrameworksBuildPhase;
			buildActionMask = 2147483647;
			files = (
				06020C071E25D411009A035B /* FBSDKCoreKit.framework in Frameworks */,
				06020C081E25D411009A035B /* FBSDKLoginKit.framework in Frameworks */,
				06020C031E25D3B2009A035B /* Bolts.framework in Frameworks */,
			);
			runOnlyForDeploymentPostprocessing = 0;
		};
		06B3EAE41E09C3A8004B0567 /* Frameworks */ = {
			isa = PBXFrameworksBuildPhase;
			buildActionMask = 2147483647;
			files = (
			);
			runOnlyForDeploymentPostprocessing = 0;
		};
		06B3EAEF1E09C3A8004B0567 /* Frameworks */ = {
			isa = PBXFrameworksBuildPhase;
			buildActionMask = 2147483647;
			files = (
			);
			runOnlyForDeploymentPostprocessing = 0;
		};
/* End PBXFrameworksBuildPhase section */

/* Begin PBXGroup section */
		0612BCF91E2C0FA1004A65D6 /* MapView */ = {
			isa = PBXGroup;
			children = (
				0612BCFA1E2C0FAF004A65D6 /* MapClient.swift */,
			);
			name = MapView;
			sourceTree = "<group>";
		};
		06B3EACA1E09C3A7004B0567 = {
			isa = PBXGroup;
			children = (
				06B3EAD51E09C3A7004B0567 /* On the Map */,
				06B3EAEA1E09C3A8004B0567 /* On the MapTests */,
				06B3EAF51E09C3A8004B0567 /* On the MapUITests */,
				06B3EAD41E09C3A7004B0567 /* Products */,
				06EF0A841E2072080061E3B8 /* Frameworks */,
			);
			sourceTree = "<group>";
		};
		06B3EAD41E09C3A7004B0567 /* Products */ = {
			isa = PBXGroup;
			children = (
				06B3EAD31E09C3A7004B0567 /* On the Map.app */,
				06B3EAE71E09C3A8004B0567 /* On the MapTests.xctest */,
				06B3EAF21E09C3A8004B0567 /* On the MapUITests.xctest */,
			);
			name = Products;
			sourceTree = "<group>";
		};
		06B3EAD51E09C3A7004B0567 /* On the Map */ = {
			isa = PBXGroup;
			children = (
				06B3EAD61E09C3A7004B0567 /* AppDelegate.swift */,
				06B3EB071E09C495004B0567 /* Model */,
				06B3EB081E09C49B004B0567 /* View */,
				06B3EB061E09C470004B0567 /* Controller */,
				06B3EB041E09C42C004B0567 /* Supporting Files */,
			);
			path = "On the Map";
			sourceTree = "<group>";
		};
		06B3EAEA1E09C3A8004B0567 /* On the MapTests */ = {
			isa = PBXGroup;
			children = (
				06B3EAEB1E09C3A8004B0567 /* On_the_MapTests.swift */,
				06B3EAED1E09C3A8004B0567 /* Info.plist */,
			);
			path = "On the MapTests";
			sourceTree = "<group>";
		};
		06B3EAF51E09C3A8004B0567 /* On the MapUITests */ = {
			isa = PBXGroup;
			children = (
				06B3EAF61E09C3A8004B0567 /* On_the_MapUITests.swift */,
				06B3EAF81E09C3A8004B0567 /* Info.plist */,
			);
			path = "On the MapUITests";
			sourceTree = "<group>";
		};
		06B3EB041E09C42C004B0567 /* Supporting Files */ = {
			isa = PBXGroup;
			children = (
				06B3EB051E09C443004B0567 /* Assets */,
				06B3EAE21E09C3A8004B0567 /* Info.plist */,
			);
			name = "Supporting Files";
			sourceTree = "<group>";
		};
		06B3EB051E09C443004B0567 /* Assets */ = {
			isa = PBXGroup;
			children = (
				06B3EADF1E09C3A8004B0567 /* LaunchScreen.storyboard */,
				06B3EADA1E09C3A8004B0567 /* Main.storyboard */,
				06B3EADD1E09C3A8004B0567 /* Assets.xcassets */,
				06B3EB111E09CE9E004B0567 /* on the map assets */,
			);
			name = Assets;
			sourceTree = "<group>";
		};
		06B3EB061E09C470004B0567 /* Controller */ = {
			isa = PBXGroup;
			children = (
				06B3EAD81E09C3A7004B0567 /* LoginViewController.swift */,
				0612BCF51E2BD6D7004A65D6 /* LocationListViewController.swift */,
				0612BCF71E2C07DB004A65D6 /* MapViewController.swift */,
			);
			name = Controller;
			sourceTree = "<group>";
		};
		06B3EB071E09C495004B0567 /* Model */ = {
			isa = PBXGroup;
			children = (
				06FE2B911E09ED01005082BA /* Clients */,
			);
			name = Model;
			sourceTree = "<group>";
		};
		06B3EB081E09C49B004B0567 /* View */ = {
			isa = PBXGroup;
			children = (
			);
			name = View;
			sourceTree = "<group>";
		};
		06EF0A841E2072080061E3B8 /* Frameworks */ = {
			isa = PBXGroup;
			children = (
				06020C041E25D411009A035B /* FBSDKCoreKit.framework */,
				06020C051E25D411009A035B /* FBSDKLoginKit.framework */,
				06020C021E25D3B2009A035B /* Bolts.framework */,
			);
			name = Frameworks;
			sourceTree = "<group>";
		};
		06FE2B911E09ED01005082BA /* Clients */ = {
			isa = PBXGroup;
			children = (
				0612BCF91E2C0FA1004A65D6 /* MapView */,
				06FE2B981E09EE00005082BA /* Parse */,
				06FE2B921E09ED06005082BA /* Udacity */,
			);
			name = Clients;
			sourceTree = "<group>";
		};
		06FE2B921E09ED06005082BA /* Udacity */ = {
			isa = PBXGroup;
			children = (
				06FE2B961E09ED9A005082BA /* UdacityClient.swift */,
				0662A0461E1C06C40065E1D7 /* UdacityConvenience.swift */,
				06FE2B941E09ED64005082BA /* UdacityConstants.swift */,
			);
			name = Udacity;
			sourceTree = "<group>";
		};
		06FE2B981E09EE00005082BA /* Parse */ = {
			isa = PBXGroup;
			children = (
				06F52A3D1E1F19CA00D314F6 /* ParseClient.swift */,
				06F52A431E20294500D314F6 /* ParseConveniences.swift */,
				06F52A411E2013FC00D314F6 /* ParseConstants.swift */,
			);
			name = Parse;
			sourceTree = "<group>";
		};
/* End PBXGroup section */

/* Begin PBXNativeTarget section */
		06B3EAD21E09C3A7004B0567 /* On the Map */ = {
			isa = PBXNativeTarget;
			buildConfigurationList = 06B3EAFB1E09C3A8004B0567 /* Build configuration list for PBXNativeTarget "On the Map" */;
			buildPhases = (
				06B3EACF1E09C3A7004B0567 /* Sources */,
				06B3EAD01E09C3A7004B0567 /* Frameworks */,
				06B3EAD11E09C3A7004B0567 /* Resources */,
				06020C0C1E25D4EE009A035B /* ShellScript */,
			);
			buildRules = (
			);
			dependencies = (
			);
			name = "On the Map";
			productName = "On the Map";
			productReference = 06B3EAD31E09C3A7004B0567 /* On the Map.app */;
			productType = "com.apple.product-type.application";
		};
		06B3EAE61E09C3A8004B0567 /* On the MapTests */ = {
			isa = PBXNativeTarget;
			buildConfigurationList = 06B3EAFE1E09C3A8004B0567 /* Build configuration list for PBXNativeTarget "On the MapTests" */;
			buildPhases = (
				06B3EAE31E09C3A8004B0567 /* Sources */,
				06B3EAE41E09C3A8004B0567 /* Frameworks */,
				06B3EAE51E09C3A8004B0567 /* Resources */,
			);
			buildRules = (
			);
			dependencies = (
				06B3EAE91E09C3A8004B0567 /* PBXTargetDependency */,
			);
			name = "On the MapTests";
			productName = "On the MapTests";
			productReference = 06B3EAE71E09C3A8004B0567 /* On the MapTests.xctest */;
			productType = "com.apple.product-type.bundle.unit-test";
		};
		06B3EAF11E09C3A8004B0567 /* On the MapUITests */ = {
			isa = PBXNativeTarget;
			buildConfigurationList = 06B3EB011E09C3A8004B0567 /* Build configuration list for PBXNativeTarget "On the MapUITests" */;
			buildPhases = (
				06B3EAEE1E09C3A8004B0567 /* Sources */,
				06B3EAEF1E09C3A8004B0567 /* Frameworks */,
				06B3EAF01E09C3A8004B0567 /* Resources */,
			);
			buildRules = (
			);
			dependencies = (
				06B3EAF41E09C3A8004B0567 /* PBXTargetDependency */,
			);
			name = "On the MapUITests";
			productName = "On the MapUITests";
			productReference = 06B3EAF21E09C3A8004B0567 /* On the MapUITests.xctest */;
			productType = "com.apple.product-type.bundle.ui-testing";
		};
/* End PBXNativeTarget section */

/* Begin PBXProject section */
		06B3EACB1E09C3A7004B0567 /* Project object */ = {
			isa = PBXProject;
			attributes = {
				LastSwiftUpdateCheck = 0820;
				LastUpgradeCheck = 0820;
				ORGANIZATIONNAME = "Octavio Cedeno";
				TargetAttributes = {
					06B3EAD21E09C3A7004B0567 = {
						CreatedOnToolsVersion = 8.2;
						DevelopmentTeam = HC236JEG46;
						ProvisioningStyle = Automatic;
					};
					06B3EAE61E09C3A8004B0567 = {
						CreatedOnToolsVersion = 8.2;
						DevelopmentTeam = HC236JEG46;
						ProvisioningStyle = Automatic;
						TestTargetID = 06B3EAD21E09C3A7004B0567;
					};
					06B3EAF11E09C3A8004B0567 = {
						CreatedOnToolsVersion = 8.2;
						DevelopmentTeam = HC236JEG46;
						ProvisioningStyle = Automatic;
						TestTargetID = 06B3EAD21E09C3A7004B0567;
					};
				};
			};
			buildConfigurationList = 06B3EACE1E09C3A7004B0567 /* Build configuration list for PBXProject "On the Map" */;
			compatibilityVersion = "Xcode 3.2";
			developmentRegion = English;
			hasScannedForEncodings = 0;
			knownRegions = (
				en,
				Base,
			);
			mainGroup = 06B3EACA1E09C3A7004B0567;
			productRefGroup = 06B3EAD41E09C3A7004B0567 /* Products */;
			projectDirPath = "";
			projectRoot = "";
			targets = (
				06B3EAD21E09C3A7004B0567 /* On the Map */,
				06B3EAE61E09C3A8004B0567 /* On the MapTests */,
				06B3EAF11E09C3A8004B0567 /* On the MapUITests */,
			);
		};
/* End PBXProject section */

/* Begin PBXResourcesBuildPhase section */
		06B3EAD11E09C3A7004B0567 /* Resources */ = {
			isa = PBXResourcesBuildPhase;
			buildActionMask = 2147483647;
			files = (
				06B3EB121E09CE9E004B0567 /* on the map assets in Resources */,
				06B3EAE11E09C3A8004B0567 /* LaunchScreen.storyboard in Resources */,
				06B3EADE1E09C3A8004B0567 /* Assets.xcassets in Resources */,
				06B3EADC1E09C3A8004B0567 /* Main.storyboard in Resources */,
			);
			runOnlyForDeploymentPostprocessing = 0;
		};
		06B3EAE51E09C3A8004B0567 /* Resources */ = {
			isa = PBXResourcesBuildPhase;
			buildActionMask = 2147483647;
			files = (
			);
			runOnlyForDeploymentPostprocessing = 0;
		};
		06B3EAF01E09C3A8004B0567 /* Resources */ = {
			isa = PBXResourcesBuildPhase;
			buildActionMask = 2147483647;
			files = (
			);
			runOnlyForDeploymentPostprocessing = 0;
		};
/* End PBXResourcesBuildPhase section */

/* Begin PBXShellScriptBuildPhase section */
		06020C0C1E25D4EE009A035B /* ShellScript */ = {
			isa = PBXShellScriptBuildPhase;
			buildActionMask = 2147483647;
			files = (
			);
			inputPaths = (
				"$(SRCROOT)/Carthage/Build/iOS/FBSDKLoginKit.framework",
				"$(SRCROOT)/Carthage/Build/iOS/FBSDKCoreKit.framework",
				"$(SRCROOT)/Carthage/Build/iOS/Bolts.framework",
			);
			outputPaths = (
			);
			runOnlyForDeploymentPostprocessing = 0;
			shellPath = /bin/sh;
			shellScript = "/usr/local/bin/carthage copy-frameworks";
		};
/* End PBXShellScriptBuildPhase section */

/* Begin PBXSourcesBuildPhase section */
		06B3EACF1E09C3A7004B0567 /* Sources */ = {
			isa = PBXSourcesBuildPhase;
			buildActionMask = 2147483647;
			files = (
				0612BCFB1E2C0FAF004A65D6 /* MapClient.swift in Sources */,
				06FE2B971E09ED9A005082BA /* UdacityClient.swift in Sources */,
				0612BCF61E2BD6D7004A65D6 /* LocationListViewController.swift in Sources */,
				06B3EAD91E09C3A7004B0567 /* LoginViewController.swift in Sources */,
				0612BCF81E2C07DB004A65D6 /* MapViewController.swift in Sources */,
				06B3EAD71E09C3A7004B0567 /* AppDelegate.swift in Sources */,
				06FE2B951E09ED64005082BA /* UdacityConstants.swift in Sources */,
				0662A0471E1C06C40065E1D7 /* UdacityConvenience.swift in Sources */,
				06F52A3E1E1F19CA00D314F6 /* ParseClient.swift in Sources */,
				06F52A441E20294500D314F6 /* ParseConveniences.swift in Sources */,
				06F52A421E2013FC00D314F6 /* ParseConstants.swift in Sources */,
			);
			runOnlyForDeploymentPostprocessing = 0;
		};
		06B3EAE31E09C3A8004B0567 /* Sources */ = {
			isa = PBXSourcesBuildPhase;
			buildActionMask = 2147483647;
			files = (
				06B3EAEC1E09C3A8004B0567 /* On_the_MapTests.swift in Sources */,
			);
			runOnlyForDeploymentPostprocessing = 0;
		};
		06B3EAEE1E09C3A8004B0567 /* Sources */ = {
			isa = PBXSourcesBuildPhase;
			buildActionMask = 2147483647;
			files = (
				06B3EAF71E09C3A8004B0567 /* On_the_MapUITests.swift in Sources */,
			);
			runOnlyForDeploymentPostprocessing = 0;
		};
/* End PBXSourcesBuildPhase section */

/* Begin PBXTargetDependency section */
		06B3EAE91E09C3A8004B0567 /* PBXTargetDependency */ = {
			isa = PBXTargetDependency;
			target = 06B3EAD21E09C3A7004B0567 /* On the Map */;
			targetProxy = 06B3EAE81E09C3A8004B0567 /* PBXContainerItemProxy */;
		};
		06B3EAF41E09C3A8004B0567 /* PBXTargetDependency */ = {
			isa = PBXTargetDependency;
			target = 06B3EAD21E09C3A7004B0567 /* On the Map */;
			targetProxy = 06B3EAF31E09C3A8004B0567 /* PBXContainerItemProxy */;
		};
/* End PBXTargetDependency section */

/* Begin PBXVariantGroup section */
		06B3EADA1E09C3A8004B0567 /* Main.storyboard */ = {
			isa = PBXVariantGroup;
			children = (
				06B3EADB1E09C3A8004B0567 /* Base */,
			);
			name = Main.storyboard;
			sourceTree = "<group>";
		};
		06B3EADF1E09C3A8004B0567 /* LaunchScreen.storyboard */ = {
			isa = PBXVariantGroup;
			children = (
				06B3EAE01E09C3A8004B0567 /* Base */,
			);
			name = LaunchScreen.storyboard;
			sourceTree = "<group>";
		};
/* End PBXVariantGroup section */

/* Begin XCBuildConfiguration section */
		06B3EAF91E09C3A8004B0567 /* Debug */ = {
			isa = XCBuildConfiguration;
			buildSettings = {
				ALWAYS_SEARCH_USER_PATHS = NO;
				CLANG_ANALYZER_NONNULL = YES;
				CLANG_CXX_LANGUAGE_STANDARD = "gnu++0x";
				CLANG_CXX_LIBRARY = "libc++";
				CLANG_ENABLE_MODULES = YES;
				CLANG_ENABLE_OBJC_ARC = YES;
				CLANG_WARN_BOOL_CONVERSION = YES;
				CLANG_WARN_CONSTANT_CONVERSION = YES;
				CLANG_WARN_DIRECT_OBJC_ISA_USAGE = YES_ERROR;
				CLANG_WARN_DOCUMENTATION_COMMENTS = YES;
				CLANG_WARN_EMPTY_BODY = YES;
				CLANG_WARN_ENUM_CONVERSION = YES;
				CLANG_WARN_INFINITE_RECURSION = YES;
				CLANG_WARN_INT_CONVERSION = YES;
				CLANG_WARN_OBJC_ROOT_CLASS = YES_ERROR;
				CLANG_WARN_SUSPICIOUS_MOVE = YES;
				CLANG_WARN_UNREACHABLE_CODE = YES;
				CLANG_WARN__DUPLICATE_METHOD_MATCH = YES;
				"CODE_SIGN_IDENTITY[sdk=iphoneos*]" = "iPhone Developer";
				COPY_PHASE_STRIP = NO;
				DEBUG_INFORMATION_FORMAT = dwarf;
				ENABLE_STRICT_OBJC_MSGSEND = YES;
				ENABLE_TESTABILITY = YES;
				GCC_C_LANGUAGE_STANDARD = gnu99;
				GCC_DYNAMIC_NO_PIC = NO;
				GCC_NO_COMMON_BLOCKS = YES;
				GCC_OPTIMIZATION_LEVEL = 0;
				GCC_PREPROCESSOR_DEFINITIONS = (
					"DEBUG=1",
					"$(inherited)",
				);
				GCC_WARN_64_TO_32_BIT_CONVERSION = YES;
				GCC_WARN_ABOUT_RETURN_TYPE = YES_ERROR;
				GCC_WARN_UNDECLARED_SELECTOR = YES;
				GCC_WARN_UNINITIALIZED_AUTOS = YES_AGGRESSIVE;
				GCC_WARN_UNUSED_FUNCTION = YES;
				GCC_WARN_UNUSED_VARIABLE = YES;
				IPHONEOS_DEPLOYMENT_TARGET = 10.2;
				MTL_ENABLE_DEBUG_INFO = YES;
				ONLY_ACTIVE_ARCH = YES;
				SDKROOT = iphoneos;
				SWIFT_ACTIVE_COMPILATION_CONDITIONS = DEBUG;
				SWIFT_OPTIMIZATION_LEVEL = "-Onone";
			};
			name = Debug;
		};
		06B3EAFA1E09C3A8004B0567 /* Release */ = {
			isa = XCBuildConfiguration;
			buildSettings = {
				ALWAYS_SEARCH_USER_PATHS = NO;
				CLANG_ANALYZER_NONNULL = YES;
				CLANG_CXX_LANGUAGE_STANDARD = "gnu++0x";
				CLANG_CXX_LIBRARY = "libc++";
				CLANG_ENABLE_MODULES = YES;
				CLANG_ENABLE_OBJC_ARC = YES;
				CLANG_WARN_BOOL_CONVERSION = YES;
				CLANG_WARN_CONSTANT_CONVERSION = YES;
				CLANG_WARN_DIRECT_OBJC_ISA_USAGE = YES_ERROR;
				CLANG_WARN_DOCUMENTATION_COMMENTS = YES;
				CLANG_WARN_EMPTY_BODY = YES;
				CLANG_WARN_ENUM_CONVERSION = YES;
				CLANG_WARN_INFINITE_RECURSION = YES;
				CLANG_WARN_INT_CONVERSION = YES;
				CLANG_WARN_OBJC_ROOT_CLASS = YES_ERROR;
				CLANG_WARN_SUSPICIOUS_MOVE = YES;
				CLANG_WARN_UNREACHABLE_CODE = YES;
				CLANG_WARN__DUPLICATE_METHOD_MATCH = YES;
				"CODE_SIGN_IDENTITY[sdk=iphoneos*]" = "iPhone Developer";
				COPY_PHASE_STRIP = NO;
				DEBUG_INFORMATION_FORMAT = "dwarf-with-dsym";
				ENABLE_NS_ASSERTIONS = NO;
				ENABLE_STRICT_OBJC_MSGSEND = YES;
				GCC_C_LANGUAGE_STANDARD = gnu99;
				GCC_NO_COMMON_BLOCKS = YES;
				GCC_WARN_64_TO_32_BIT_CONVERSION = YES;
				GCC_WARN_ABOUT_RETURN_TYPE = YES_ERROR;
				GCC_WARN_UNDECLARED_SELECTOR = YES;
				GCC_WARN_UNINITIALIZED_AUTOS = YES_AGGRESSIVE;
				GCC_WARN_UNUSED_FUNCTION = YES;
				GCC_WARN_UNUSED_VARIABLE = YES;
				IPHONEOS_DEPLOYMENT_TARGET = 10.2;
				MTL_ENABLE_DEBUG_INFO = NO;
				SDKROOT = iphoneos;
				SWIFT_OPTIMIZATION_LEVEL = "-Owholemodule";
				VALIDATE_PRODUCT = YES;
			};
			name = Release;
		};
		06B3EAFC1E09C3A8004B0567 /* Debug */ = {
			isa = XCBuildConfiguration;
			buildSettings = {
				ASSETCATALOG_COMPILER_APPICON_NAME = AppIcon;
				DEVELOPMENT_TEAM = HC236JEG46;
				FRAMEWORK_SEARCH_PATHS = (
					"$(inherited)",
					"$(PROJECT_DIR)/Carthage/Build/iOS",
				);
				INFOPLIST_FILE = "On the Map/Info.plist";
				LD_RUNPATH_SEARCH_PATHS = "$(inherited) @executable_path/Frameworks";
				PRODUCT_BUNDLE_IDENTIFIER = "Cedeno-Enterprises-Inc.On-the-Map";
				PRODUCT_NAME = "$(TARGET_NAME)";
				SWIFT_VERSION = 3.0;
			};
			name = Debug;
		};
		06B3EAFD1E09C3A8004B0567 /* Release */ = {
			isa = XCBuildConfiguration;
			buildSettings = {
				ASSETCATALOG_COMPILER_APPICON_NAME = AppIcon;
				DEVELOPMENT_TEAM = HC236JEG46;
				FRAMEWORK_SEARCH_PATHS = (
					"$(inherited)",
					"$(PROJECT_DIR)/Carthage/Build/iOS",
				);
				INFOPLIST_FILE = "On the Map/Info.plist";
				LD_RUNPATH_SEARCH_PATHS = "$(inherited) @executable_path/Frameworks";
				PRODUCT_BUNDLE_IDENTIFIER = "Cedeno-Enterprises-Inc.On-the-Map";
				PRODUCT_NAME = "$(TARGET_NAME)";
				SWIFT_VERSION = 3.0;
			};
			name = Release;
		};
		06B3EAFF1E09C3A8004B0567 /* Debug */ = {
			isa = XCBuildConfiguration;
			buildSettings = {
				ALWAYS_EMBED_SWIFT_STANDARD_LIBRARIES = YES;
				BUNDLE_LOADER = "$(TEST_HOST)";
				DEVELOPMENT_TEAM = HC236JEG46;
				INFOPLIST_FILE = "On the MapTests/Info.plist";
				LD_RUNPATH_SEARCH_PATHS = "$(inherited) @executable_path/Frameworks @loader_path/Frameworks";
				PRODUCT_BUNDLE_IDENTIFIER = "Cedeno-Enterprises-Inc.On-the-MapTests";
				PRODUCT_NAME = "$(TARGET_NAME)";
				SWIFT_VERSION = 3.0;
				TEST_HOST = "$(BUILT_PRODUCTS_DIR)/On the Map.app/On the Map";
			};
			name = Debug;
		};
		06B3EB001E09C3A8004B0567 /* Release */ = {
			isa = XCBuildConfiguration;
			buildSettings = {
				ALWAYS_EMBED_SWIFT_STANDARD_LIBRARIES = YES;
				BUNDLE_LOADER = "$(TEST_HOST)";
				DEVELOPMENT_TEAM = HC236JEG46;
				INFOPLIST_FILE = "On the MapTests/Info.plist";
				LD_RUNPATH_SEARCH_PATHS = "$(inherited) @executable_path/Frameworks @loader_path/Frameworks";
				PRODUCT_BUNDLE_IDENTIFIER = "Cedeno-Enterprises-Inc.On-the-MapTests";
				PRODUCT_NAME = "$(TARGET_NAME)";
				SWIFT_VERSION = 3.0;
				TEST_HOST = "$(BUILT_PRODUCTS_DIR)/On the Map.app/On the Map";
			};
			name = Release;
		};
		06B3EB021E09C3A8004B0567 /* Debug */ = {
			isa = XCBuildConfiguration;
			buildSettings = {
				ALWAYS_EMBED_SWIFT_STANDARD_LIBRARIES = YES;
				DEVELOPMENT_TEAM = HC236JEG46;
				INFOPLIST_FILE = "On the MapUITests/Info.plist";
				LD_RUNPATH_SEARCH_PATHS = "$(inherited) @executable_path/Frameworks @loader_path/Frameworks";
				PRODUCT_BUNDLE_IDENTIFIER = "Cedeno-Enterprises-Inc.On-the-MapUITests";
				PRODUCT_NAME = "$(TARGET_NAME)";
				SWIFT_VERSION = 3.0;
				TEST_TARGET_NAME = "On the Map";
			};
			name = Debug;
		};
		06B3EB031E09C3A8004B0567 /* Release */ = {
			isa = XCBuildConfiguration;
			buildSettings = {
				ALWAYS_EMBED_SWIFT_STANDARD_LIBRARIES = YES;
				DEVELOPMENT_TEAM = HC236JEG46;
				INFOPLIST_FILE = "On the MapUITests/Info.plist";
				LD_RUNPATH_SEARCH_PATHS = "$(inherited) @executable_path/Frameworks @loader_path/Frameworks";
				PRODUCT_BUNDLE_IDENTIFIER = "Cedeno-Enterprises-Inc.On-the-MapUITests";
				PRODUCT_NAME = "$(TARGET_NAME)";
				SWIFT_VERSION = 3.0;
				TEST_TARGET_NAME = "On the Map";
			};
			name = Release;
		};
/* End XCBuildConfiguration section */

/* Begin XCConfigurationList section */
		06B3EACE1E09C3A7004B0567 /* Build configuration list for PBXProject "On the Map" */ = {
			isa = XCConfigurationList;
			buildConfigurations = (
				06B3EAF91E09C3A8004B0567 /* Debug */,
				06B3EAFA1E09C3A8004B0567 /* Release */,
			);
			defaultConfigurationIsVisible = 0;
			defaultConfigurationName = Release;
		};
		06B3EAFB1E09C3A8004B0567 /* Build configuration list for PBXNativeTarget "On the Map" */ = {
			isa = XCConfigurationList;
			buildConfigurations = (
				06B3EAFC1E09C3A8004B0567 /* Debug */,
				06B3EAFD1E09C3A8004B0567 /* Release */,
			);
			defaultConfigurationIsVisible = 0;
			defaultConfigurationName = Release;
		};
		06B3EAFE1E09C3A8004B0567 /* Build configuration list for PBXNativeTarget "On the MapTests" */ = {
			isa = XCConfigurationList;
			buildConfigurations = (
				06B3EAFF1E09C3A8004B0567 /* Debug */,
				06B3EB001E09C3A8004B0567 /* Release */,
			);
			defaultConfigurationIsVisible = 0;
			defaultConfigurationName = Release;
		};
		06B3EB011E09C3A8004B0567 /* Build configuration list for PBXNativeTarget "On the MapUITests" */ = {
			isa = XCConfigurationList;
			buildConfigurations = (
				06B3EB021E09C3A8004B0567 /* Debug */,
				06B3EB031E09C3A8004B0567 /* Release */,
			);
			defaultConfigurationIsVisible = 0;
			defaultConfigurationName = Release;
		};
/* End XCConfigurationList section */
	};
	rootObject = 06B3EACB1E09C3A7004B0567 /* Project object */;
}
